# THIS IS AN AUTOGENERATED FILE. DO NOT EDIT THIS FILE DIRECTLY.
# yarn lockfile v1


cose-base@^2.2.0:
  version "2.2.0"
  resolved "https://registry.yarnpkg.com/cose-base/-/cose-base-2.2.0.tgz#1c395c35b6e10bb83f9769ca8b817d614add5c01"
  integrity sha512-AzlgcsCbUMymkADOJtQm3wO9S3ltPfYOFD5033keQn9NJzIbtnZj+UdBJe7DYml/8TdbtHJW3j58SOnKhWY/5g==
  dependencies:
    layout-base "^2.0.0"

cytoscape-fcose@^2.2.0:
  version "2.2.0"
  resolved "https://registry.yarnpkg.com/cytoscape-fcose/-/cytoscape-fcose-2.2.0.tgz#e4d6f6490df4fab58ae9cea9e5c3ab8d7472f471"
  integrity sha512-ki1/VuRIHFCzxWNrsshHYPs6L7TvLu3DL+TyIGEsRcvVERmxokbf5Gdk7mFxZnTdiGtnA4cfSmjZJMviqSuZrQ==
  dependencies:
    cose-base "^2.2.0"

cytoscape@^3.33.1:
  version "3.33.1"
  resolved "https://registry.yarnpkg.com/cytoscape/-/cytoscape-3.33.1.tgz#449e05d104b760af2912ab76482d24c01cdd4c97"
  integrity sha512-iJc4TwyANnOGR1OmWhsS9ayRS3s+XQ185FmuHObThD+5AeJCakAAbWv8KimMTt08xCCLNgneQwFp+JRJOr9qGQ==

events@^3.3.0:
  version "3.3.0"
  resolved "https://registry.yarnpkg.com/events/-/events-3.3.0.tgz#31a95ad0a924e2d2c419a813aeb2c4e878ea7400"
  integrity sha512-mQw+2fkQbALzQ7V0MY0IqdnXNOeTtP4r0lN9z7AAawCXgqea7bDii20AYrIBrFd/Hx0M2Ocz6S111CaFkUcb0Q==

graphology-communities-louvain@^2.0.2:
  version "2.0.2"
  resolved "https://registry.yarnpkg.com/graphology-communities-louvain/-/graphology-communities-louvain-2.0.2.tgz#afe7aa8dcd3dd5ca350626e2f4883625bbafa3c7"
  integrity sha512-zt+2hHVPYxjEquyecxWXoUoIuN/UvYzsvI7boDdMNz0rRvpESQ7+e+Ejv6wK7AThycbZXuQ6DkG8NPMCq6XwoA==
  dependencies:
    graphology-indices "^0.17.0"
    graphology-utils "^2.4.4"
    mnemonist "^0.39.0"
    pandemonium "^2.4.1"

graphology-indices@^0.17.0:
  version "0.17.0"
  resolved "https://registry.yarnpkg.com/graphology-indices/-/graphology-indices-0.17.0.tgz#b93ad32162ff8b09814547aedb101248f0fcbd2e"
  integrity sha512-A7RXuKQvdqSWOpn7ZVQo4S33O0vCfPBnUSf7FwE0zNCasqwZVUaCXePuWo5HBpWw68KJcwObZDHpFk6HKH6MYQ==
  dependencies:
    graphology-utils "^2.4.2"
    mnemonist "^0.39.0"

graphology-utils@^2.4.2, graphology-utils@^2.4.4:
  version "2.5.2"
  resolved "https://registry.yarnpkg.com/graphology-utils/-/graphology-utils-2.5.2.tgz#4d30d6e567d27c01f105e1494af816742e8d2440"
  integrity sha512-ckHg8MXrXJkOARk56ZaSCM1g1Wihe2d6iTmz1enGOz4W/l831MBCKSayeFQfowgF8wd+PQ4rlch/56Vs/VZLDQ==

graphology@^0.26.0:
  version "0.26.0"
  resolved "https://registry.yarnpkg.com/graphology/-/graphology-0.26.0.tgz#7f866a831feaa364af750f141a7bf40489533336"
  integrity sha512-8SSImzgUUYC89Z042s+0r/vMibY7GX/Emz4LDO5e7jYXhuoWfHISPFJYjpRLUSJGq6UQ6xlenvX1p/hJdfXuXg==
  dependencies:
    events "^3.3.0"

layout-base@^2.0.0:
  version "2.0.1"
  resolved "https://registry.yarnpkg.com/layout-base/-/layout-base-2.0.1.tgz#d0337913586c90f9c2c075292069f5c2da5dd285"
  integrity sha512-dp3s92+uNI1hWIpPGH3jK2kxE2lMjdXdr+DH8ynZHpd6PUlH6x6cbuXnoMmiNumznqaNO31xu9e79F0uuZ0JFg==

mnemonist@^0.39.0, mnemonist@^0.39.2:
  version "0.39.8"
  resolved "https://registry.yarnpkg.com/mnemonist/-/mnemonist-0.39.8.tgz#9078cd8386081afd986cca34b52b5d84ea7a4d38"
  integrity sha512-vyWo2K3fjrUw8YeeZ1zF0fy6Mu59RHokURlld8ymdUPjMlD9EC9ov1/YPqTgqRvUN9nTr3Gqfz29LYAmu0PHPQ==
  dependencies:
    obliterator "^2.0.1"

obliterator@^2.0.1:
  version "2.0.5"
  resolved "https://registry.yarnpkg.com/obliterator/-/obliterator-2.0.5.tgz#031e0145354b0c18840336ae51d41e7d6d2c76aa"
  integrity sha512-42CPE9AhahZRsMNslczq0ctAEtqk8Eka26QofnqC346BZdHDySk3LWka23LI7ULIw11NmltpiLagIq8gBozxTw==

pandemonium@^2.4.1:
  version "2.4.1"
  resolved "https://registry.yarnpkg.com/pandemonium/-/pandemonium-2.4.1.tgz#bd51ca72184c6ae135f9049a33c8605bfdb9574d"
  integrity sha512-wRqjisUyiUfXowgm7MFH2rwJzKIr20rca5FsHXCMNm1W5YPP1hCtrZfgmQ62kP7OZ7Xt+cR858aB28lu5NX55g==
  dependencies:
    mnemonist "^0.39.2"
