# THIS IS AN AUTOGENERATED FILE. DO NOT EDIT THIS FILE DIRECTLY.
# yarn lockfile v1


cytoscape@^3.33.1:
  version "3.33.1"
  resolved "https://registry.yarnpkg.com/cytoscape/-/cytoscape-3.33.1.tgz#449e05d104b760af2912ab76482d24c01cdd4c97"
  integrity sha512-iJc4TwyANnOGR1OmWhsS9ayRS3s+XQ185FmuHObThD+5AeJCakAAbWv8KimMTt08xCCLNgneQwFp+JRJOr9qGQ==
